# THIS IS AN AUTOGENERATED FILE. DO NOT EDIT THIS FILE DIRECTLY.
# yarn lockfile v1


asn1@~0.2.0:
  version "0.2.3"
  resolved "https://registry.yarnpkg.com/asn1/-/asn1-0.2.3.tgz#dac8787713c9966849fc8180777ebe9c1ddf3b86"

cli-spinner@^0.2.6:
  version "0.2.6"
  resolved "https://registry.yarnpkg.com/cli-spinner/-/cli-spinner-0.2.6.tgz#8a59703324e93a908f6e601e4e74f5b85b371e5c"

colors@^1.1.2:
  version "1.1.2"
  resolved "https://registry.yarnpkg.com/colors/-/colors-1.1.2.tgz#168a4701756b6a7f51a12ce0c97bfa28c084ed63"

semver@^5.1.0:
  version "5.4.1"
  resolved "https://registry.yarnpkg.com/semver/-/semver-5.4.1.tgz#e059c09d8571f0540823733433505d3a2f00b18e"

simple-ssh@^1.0.0:
  version "1.0.0"
  resolved "https://registry.yarnpkg.com/simple-ssh/-/simple-ssh-1.0.0.tgz#b12ec600056c13626cc9a77a50b6b921db39696b"
  dependencies:
    ssh2 "^0.5.0"
    xtend "^4.0.1"

ssh2-streams@~0.1.18:
  version "0.1.19"
  resolved "https://registry.yarnpkg.com/ssh2-streams/-/ssh2-streams-0.1.19.tgz#f80ececc2de1a39e1aa64469851ec32bc96b83f9"
  dependencies:
    asn1 "~0.2.0"
    semver "^5.1.0"
    streamsearch "~0.1.2"

ssh2@^0.5.0:
  version "0.5.5"
  resolved "https://registry.yarnpkg.com/ssh2/-/ssh2-0.5.5.tgz#c7781ecd2ece7304a253cf620fab5a5c22bb2235"
  dependencies:
    ssh2-streams "~0.1.18"

streamsearch@~0.1.2:
  version "0.1.2"
  resolved "https://registry.yarnpkg.com/streamsearch/-/streamsearch-0.1.2.tgz#808b9d0e56fc273d809ba57338e929919a1a9f1a"

xtend@^4.0.1:
  version "4.0.1"
  resolved "https://registry.yarnpkg.com/xtend/-/xtend-4.0.1.tgz#a5c6d532be656e23db820efb943a1f04998d63af"
